
Microsoft Visual Studio Solution File, Format Version 12.00
# Visual Studio 15
VisualStudioVersion = 15.0.28010.2050
MinimumVisualStudioVersion = 10.0.40219.1
Project("{FAE04EC0-301F-11D3-BF4B-00C04F79EFBC}") = "DemoWithOneProject", "DemoWithOneProject\DemoWithOneProject.csproj", "{84798A30-4D8B-4921-953E-591DDE18A514}"
EndProject
Global
	GlobalSection(SolutionConfigurationPlatforms) = preSolution
		Debug|Any CPU = Debug|Any CPU
		Release|Any CPU = Release|Any CPU
	EndGlobalSection
	GlobalSection(ProjectConfigurationPlatforms) = postSolution
		{84798A30-4D8B-4921-953E-591DDE18A514}.Debug|Any CPU.ActiveCfg = Debug|Any CPU
		{84798A30-4D8B-4921-953E-591DDE18A514}.Debug|Any CPU.Build.0 = Debug|Any CPU
		{84798A30-4D8B-4921-953E-591DDE18A514}.Release|Any CPU.ActiveCfg = Release|Any CPU
		{84798A30-4D8B-4921-953E-591DDE18A514}.Release|Any CPU.Build.0 = Release|Any CPU
	EndGlobalSection
	GlobalSection(SolutionProperties) = preSolution
		HideSolutionNode = FALSE
	EndGlobalSection
	GlobalSection(ExtensibilityGlobals) = postSolution
		SolutionGuid = {48AF7321-829D-411B-8142-EBCB11A49763}
	EndGlobalSection
EndGlobal
